
Microsoft Visual Studio Solution File, Format Version 12.00
# Visual Studio Version 17
VisualStudioVersion = 17.10.35122.118
MinimumVisualStudioVersion = 10.0.40219.1
Project("{FAE04EC0-301F-11D3-BF4B-00C04F79EFBC}") = "Module02Activity01", "Module02Activity01.csproj", "{4BC37C80-DF68-4D8E-BA7E-813F3970DE52}"
EndProject
Global
	GlobalSection(SolutionConfigurationPlatforms) = preSolution
		Debug|Any CPU = Debug|Any CPU
		Release|Any CPU = Release|Any CPU
	EndGlobalSection
	GlobalSection(ProjectConfigurationPlatforms) = postSolution
		{4BC37C80-DF68-4D8E-BA7E-813F3970DE52}.Debug|Any CPU.ActiveCfg = Debug|Any CPU
		{4BC37C80-DF68-4D8E-BA7E-813F3970DE52}.Debug|Any CPU.Build.0 = Debug|Any CPU
		{4BC37C80-DF68-4D8E-BA7E-813F3970DE52}.Debug|Any CPU.Deploy.0 = Debug|Any CPU
		{4BC37C80-DF68-4D8E-BA7E-813F3970DE52}.Release|Any CPU.ActiveCfg = Release|Any CPU
		{4BC37C80-DF68-4D8E-BA7E-813F3970DE52}.Release|Any CPU.Build.0 = Release|Any CPU
		{4BC37C80-DF68-4D8E-BA7E-813F3970DE52}.Release|Any CPU.Deploy.0 = Release|Any CPU
	EndGlobalSection
	GlobalSection(SolutionProperties) = preSolution
		HideSolutionNode = FALSE
	EndGlobalSection
	GlobalSection(ExtensibilityGlobals) = postSolution
		SolutionGuid = {9F4CCFDC-3ED2-43C0-9EFF-59983F74F892}
	EndGlobalSection
EndGlobal
